
Microsoft Visual Studio Solution File, Format Version 12.00
# Visual Studio Version 17
VisualStudioVersion = 17.14.36127.28 d17.14
MinimumVisualStudioVersion = 10.0.40219.1
Project("{FAE04EC0-301F-11D3-BF4B-00C04F79EFBC}") = "StudentCourseManagement", "StudentCourseManagement.csproj", "{58BB7828-CA5B-470B-AC56-3488942333F5}"
EndProject
Global
	GlobalSection(SolutionConfigurationPlatforms) = preSolution
		Debug|Any CPU = Debug|Any CPU
		Release|Any CPU = Release|Any CPU
	EndGlobalSection
	GlobalSection(ProjectConfigurationPlatforms) = postSolution
		{58BB7828-CA5B-470B-AC56-3488942333F5}.Debug|Any CPU.ActiveCfg = Debug|Any CPU
		{58BB7828-CA5B-470B-AC56-3488942333F5}.Debug|Any CPU.Build.0 = Debug|Any CPU
		{58BB7828-CA5B-470B-AC56-3488942333F5}.Release|Any CPU.ActiveCfg = Release|Any CPU
		{58BB7828-CA5B-470B-AC56-3488942333F5}.Release|Any CPU.Build.0 = Release|Any CPU
	EndGlobalSection
	GlobalSection(SolutionProperties) = preSolution
		HideSolutionNode = FALSE
	EndGlobalSection
	GlobalSection(ExtensibilityGlobals) = postSolution
		SolutionGuid = {0F17BEA4-D52E-42CD-BC93-C2AB401AF4B6}
	EndGlobalSection
EndGlobal
